
Microsoft Visual Studio Solution File, Format Version 12.00
# Visual Studio Version 17
VisualStudioVersion = 17.11.35327.3
MinimumVisualStudioVersion = 10.0.40219.1
Project("{2150E333-8FDC-42A3-9474-1A3956D46DE8}") = "00_Base", "00_Base", "{4AC66F20-40C6-4B49-9E2C-29DFBD8DE58F}"
EndProject
Project("{8BC9CEB8-8B4A-11D0-8D11-00A0C91BC942}") = "EngineBase", "EngineBase\EngineBase.vcxproj", "{47E3AAD8-CC6C-46C3-86C8-B7CA1A81DA66}"
EndProject
Project("{2150E333-8FDC-42A3-9474-1A3956D46DE8}") = "01_Platform", "01_Platform", "{BBA826FA-EDD9-4600-BF6E-73907D87100A}"
EndProject
Project("{8BC9CEB8-8B4A-11D0-8D11-00A0C91BC942}") = "EnginePlatform", "EnginePlatform\EnginePlatform.vcxproj", "{F9CE566D-792C-41F3-A621-26F0A42CBA9C}"
	ProjectSection(ProjectDependencies) = postProject
		{47E3AAD8-CC6C-46C3-86C8-B7CA1A81DA66} = {47E3AAD8-CC6C-46C3-86C8-B7CA1A81DA66}
	EndProjectSection
EndProject
Project("{2150E333-8FDC-42A3-9474-1A3956D46DE8}") = "02_Core", "02_Core", "{0DBA6AE1-991A-4364-A91B-14B314B0022B}"
EndProject
Project("{8BC9CEB8-8B4A-11D0-8D11-00A0C91BC942}") = "EngineCore", "EngineCore\EngineCore.vcxproj", "{E912F146-A8CE-43F3-AA89-C50B132307F5}"
	ProjectSection(ProjectDependencies) = postProject
		{47E3AAD8-CC6C-46C3-86C8-B7CA1A81DA66} = {47E3AAD8-CC6C-46C3-86C8-B7CA1A81DA66}
		{F9CE566D-792C-41F3-A621-26F0A42CBA9C} = {F9CE566D-792C-41F3-A621-26F0A42CBA9C}
	EndProjectSection
EndProject
Project("{2150E333-8FDC-42A3-9474-1A3956D46DE8}") = "03_Contents", "03_Contents", "{5BD434B6-059E-4CF4-869E-EB51B138C019}"
EndProject
Project("{2150E333-8FDC-42A3-9474-1A3956D46DE8}") = "04_App", "04_App", "{511012CB-2740-475C-88D2-A410729A292E}"
EndProject
Project("{8BC9CEB8-8B4A-11D0-8D11-00A0C91BC942}") = "App", "App\App.vcxproj", "{49D2945E-989C-41EC-86A1-1E0A87CAB296}"
	ProjectSection(ProjectDependencies) = postProject
		{47E3AAD8-CC6C-46C3-86C8-B7CA1A81DA66} = {47E3AAD8-CC6C-46C3-86C8-B7CA1A81DA66}
		{E912F146-A8CE-43F3-AA89-C50B132307F5} = {E912F146-A8CE-43F3-AA89-C50B132307F5}
		{F84B5C88-E969-46F2-AD00-C8742BDAE57E} = {F84B5C88-E969-46F2-AD00-C8742BDAE57E}
		{F9CE566D-792C-41F3-A621-26F0A42CBA9C} = {F9CE566D-792C-41F3-A621-26F0A42CBA9C}
	EndProjectSection
EndProject
Project("{8BC9CEB8-8B4A-11D0-8D11-00A0C91BC942}") = "Contents", "Contents\Contents.vcxproj", "{F84B5C88-E969-46F2-AD00-C8742BDAE57E}"
	ProjectSection(ProjectDependencies) = postProject
		{47E3AAD8-CC6C-46C3-86C8-B7CA1A81DA66} = {47E3AAD8-CC6C-46C3-86C8-B7CA1A81DA66}
		{E912F146-A8CE-43F3-AA89-C50B132307F5} = {E912F146-A8CE-43F3-AA89-C50B132307F5}
		{F9CE566D-792C-41F3-A621-26F0A42CBA9C} = {F9CE566D-792C-41F3-A621-26F0A42CBA9C}
	EndProjectSection
EndProject
Global
	GlobalSection(SolutionConfigurationPlatforms) = preSolution
		Debug|x64 = Debug|x64
		Debug|x86 = Debug|x86
		Release|x64 = Release|x64
		Release|x86 = Release|x86
	EndGlobalSection
	GlobalSection(ProjectConfigurationPlatforms) = postSolution
		{47E3AAD8-CC6C-46C3-86C8-B7CA1A81DA66}.Debug|x64.ActiveCfg = Debug|x64
		{47E3AAD8-CC6C-46C3-86C8-B7CA1A81DA66}.Debug|x64.Build.0 = Debug|x64
		{47E3AAD8-CC6C-46C3-86C8-B7CA1A81DA66}.Debug|x86.ActiveCfg = Debug|Win32
		{47E3AAD8-CC6C-46C3-86C8-B7CA1A81DA66}.Debug|x86.Build.0 = Debug|Win32
		{47E3AAD8-CC6C-46C3-86C8-B7CA1A81DA66}.Release|x64.ActiveCfg = Release|x64
		{47E3AAD8-CC6C-46C3-86C8-B7CA1A81DA66}.Release|x64.Build.0 = Release|x64
		{47E3AAD8-CC6C-46C3-86C8-B7CA1A81DA66}.Release|x86.ActiveCfg = Release|Win32
		{47E3AAD8-CC6C-46C3-86C8-B7CA1A81DA66}.Release|x86.Build.0 = Release|Win32
		{F9CE566D-792C-41F3-A621-26F0A42CBA9C}.Debug|x64.ActiveCfg = Debug|x64
		{F9CE566D-792C-41F3-A621-26F0A42CBA9C}.Debug|x64.Build.0 = Debug|x64
		{F9CE566D-792C-41F3-A621-26F0A42CBA9C}.Debug|x86.ActiveCfg = Debug|Win32
		{F9CE566D-792C-41F3-A621-26F0A42CBA9C}.Debug|x86.Build.0 = Debug|Win32
		{F9CE566D-792C-41F3-A621-26F0A42CBA9C}.Release|x64.ActiveCfg = Release|x64
		{F9CE566D-792C-41F3-A621-26F0A42CBA9C}.Release|x64.Build.0 = Release|x64
		{F9CE566D-792C-41F3-A621-26F0A42CBA9C}.Release|x86.ActiveCfg = Release|Win32
		{F9CE566D-792C-41F3-A621-26F0A42CBA9C}.Release|x86.Build.0 = Release|Win32
		{E912F146-A8CE-43F3-AA89-C50B132307F5}.Debug|x64.ActiveCfg = Debug|x64
		{E912F146-A8CE-43F3-AA89-C50B132307F5}.Debug|x64.Build.0 = Debug|x64
		{E912F146-A8CE-43F3-AA89-C50B132307F5}.Debug|x86.ActiveCfg = Debug|Win32
		{E912F146-A8CE-43F3-AA89-C50B132307F5}.Debug|x86.Build.0 = Debug|Win32
		{E912F146-A8CE-43F3-AA89-C50B132307F5}.Release|x64.ActiveCfg = Release|x64
		{E912F146-A8CE-43F3-AA89-C50B132307F5}.Release|x64.Build.0 = Release|x64
		{E912F146-A8CE-43F3-AA89-C50B132307F5}.Release|x86.ActiveCfg = Release|Win32
		{E912F146-A8CE-43F3-AA89-C50B132307F5}.Release|x86.Build.0 = Release|Win32
		{49D2945E-989C-41EC-86A1-1E0A87CAB296}.Debug|x64.ActiveCfg = Debug|x64
		{49D2945E-989C-41EC-86A1-1E0A87CAB296}.Debug|x64.Build.0 = Debug|x64
		{49D2945E-989C-41EC-86A1-1E0A87CAB296}.Debug|x86.ActiveCfg = Debug|Win32
		{49D2945E-989C-41EC-86A1-1E0A87CAB296}.Debug|x86.Build.0 = Debug|Win32
		{49D2945E-989C-41EC-86A1-1E0A87CAB296}.Release|x64.ActiveCfg = Release|x64
		{49D2945E-989C-41EC-86A1-1E0A87CAB296}.Release|x64.Build.0 = Release|x64
		{49D2945E-989C-41EC-86A1-1E0A87CAB296}.Release|x86.ActiveCfg = Release|Win32
		{49D2945E-989C-41EC-86A1-1E0A87CAB296}.Release|x86.Build.0 = Release|Win32
		{F84B5C88-E969-46F2-AD00-C8742BDAE57E}.Debug|x64.ActiveCfg = Debug|x64
		{F84B5C88-E969-46F2-AD00-C8742BDAE57E}.Debug|x64.Build.0 = Debug|x64
		{F84B5C88-E969-46F2-AD00-C8742BDAE57E}.Debug|x86.ActiveCfg = Debug|Win32
		{F84B5C88-E969-46F2-AD00-C8742BDAE57E}.Debug|x86.Build.0 = Debug|Win32
		{F84B5C88-E969-46F2-AD00-C8742BDAE57E}.Release|x64.ActiveCfg = Release|x64
		{F84B5C88-E969-46F2-AD00-C8742BDAE57E}.Release|x64.Build.0 = Release|x64
		{F84B5C88-E969-46F2-AD00-C8742BDAE57E}.Release|x86.ActiveCfg = Release|Win32
		{F84B5C88-E969-46F2-AD00-C8742BDAE57E}.Release|x86.Build.0 = Release|Win32
	EndGlobalSection
	GlobalSection(SolutionProperties) = preSolution
		HideSolutionNode = FALSE
	EndGlobalSection
	GlobalSection(NestedProjects) = preSolution
		{47E3AAD8-CC6C-46C3-86C8-B7CA1A81DA66} = {4AC66F20-40C6-4B49-9E2C-29DFBD8DE58F}
		{F9CE566D-792C-41F3-A621-26F0A42CBA9C} = {BBA826FA-EDD9-4600-BF6E-73907D87100A}
		{E912F146-A8CE-43F3-AA89-C50B132307F5} = {0DBA6AE1-991A-4364-A91B-14B314B0022B}
		{F84B5C88-E969-46F2-AD00-C8742BDAE57E} = {5BD434B6-059E-4CF4-869E-EB51B138C019}
	EndGlobalSection
	GlobalSection(ExtensibilityGlobals) = postSolution
		SolutionGuid = {683CE8B2-3AB2-4549-B21E-80E42CB70B61}
	EndGlobalSection
EndGlobal
